cloud.google.com/go v0.26.0/go.mod h1:aQUYkXzVsufM+DwF1aE+0xfcU+56JwCaLick0ClmMTw=
github.com/BurntSushi/toml v0.3.1/go.mod h1:xHWCNGjB5oqiDr8zfno3MHue2Ht5sIBksp03qcyfWMU=
github.com/Masterminds/goutils v1.1.0 h1:zukEsf/1JZwCMgHiK3GZftabmxiCw4apj3a28RPBiVg=
github.com/Masterminds/goutils v1.1.0/go.mod h1:8cTjp+g8YejhMuvIA5y2vz3BpJxksy863GQaJW2MFNU=
github.com/Masterminds/semver v1.5.0 h1:H65muMkzWKEuNDnfl9d70GUjFniHKHRbFPGBuZ3QEww=
github.com/Masterminds/semver v1.5.0/go.mod h1:MB6lktGJrhw8PrUyiEoblNEGEQ+RzHPF078ddwwvV3Y=
github.com/Masterminds/sprig v2.22.0+incompatible h1:z4yfnGrZ7netVz+0EDJ0Wi+5VZCSYp4Z0m2dk6cEM60=
github.com/Masterminds/sprig v2.22.0+incompatible/go.mod h1:y6hNFY5UBTIWBxnzTeuNhlNS5hqE0NB0E6fgfo2Br3o=
github.com/OneOfOne/xxhash v1.2.2/go.mod h1:HSdplMjZKSmBqAxg5vPj2TmRDmfkzw+cTzAElWljhcU=
github.com/alecthomas/template v0.0.0-20160405071501-a0175ee3bccc/go.mod h1:LOuyumcjzFXgccqObfd/Ljyb9UuFJ6TxHnclSeseNhc=
github.com/alecthomas/units v0.0.0-20151022065526-2efee857e7cf/go.mod h1:ybxpYRFXyAe+OPACYpWeL0wqObRcbAqCMya13uyzqw0=
github.com/armon/consul-api v0.0.0-20180202201655-eb2c6b5be1b6/go.mod h1:grANhF5doyWs3UAsr3K4I6qtAmlQcZDesFNEHPZAzj8=
github.com/beorn7/perks v0.0.0-20180321164747-3a771d992973/go.mod h1:Dwedo/Wpr24TaqPxmxbtue+5NUziq4I4S80YR8gNf3Q=
github.com/beorn7/perks v1.0.0/go.mod h1:KWe93zE9D1o94FZ5RNwFwVgaQK1VOXiVxmqh+CedLV8=
github.com/buger/jsonparser v0.0.0-20181115193947-bf1c66bbce23 h1:D21IyuvjDCshj1/qq+pCNd3VZOAEI9jy6Bi131YlXgI=
github.com/buger/jsonparser v0.0.0-20181115193947-bf1c66bbce23/go.mod h1:bbYlZJ7hK1yFx9hf58LP0zeX7UjIGs20ufpu3evjr+s=
github.com/buger/jsonparser v0.0.0-20191004114745-ee4c978eae7e h1:oJCXMss/3rg5F6Poy9wG3JQusc58Mzk5B9Z6wSnssNE=
github.com/buger/jsonparser v0.0.0-20191004114745-ee4c978eae7e/go.mod h1:errmMKH8tTB49UR2A8C8DPYkyudelsYJwJFaZHQ6ik8=
github.com/cespare/xxhash v1.1.0 h1:a6HrQnmkObjyL+Gs60czilIUGqrzKutQD6XZog3p+ko=
github.com/cespare/xxhash v1.1.0/go.mod h1:XrSqR1VqqWfGrhpAt58auRo0WTKS1nRRg3ghfAqPWnc=
github.com/cheekybits/genny v1.0.0/go.mod h1:+tQajlRqAUrPI7DOSpB0XAqZYtQakVtB7wXkRAgjxjQ=
github.com/client9/misspell v0.3.4/go.mod h1:qj6jICC3Q7zFZvVWo7KLAzC3yx5G7kyvSDkc90ppPyw=
github.com/coreos/bbolt v1.3.2/go.mod h1:iRUV2dpdMOn7Bo10OQBFzIJO9kkE559Wcmn+qkEiiKk=
github.com/coreos/etcd v3.3.10+incompatible/go.mod h1:uF7uidLiAD3TWHmW31ZFd/JWoc32PjwdhPthX9715RE=
github.com/coreos/go-etcd v2.0.0+incompatible/go.mod h1:Jez6KQU2B/sWsbdaef3ED8NzMklzPG4d5KIOhIy30Tk=
github.com/coreos/go-semver v0.2.0/go.mod h1:nnelYz7RCh+5ahJtPPxZlU+153eP4D4r3EedlOD2RNk=
github.com/coreos/go-systemd v0.0.0-20190321100706-95778dfbb74e/go.mod h1:F5haX7vjVVG0kc13fIWeqUViNPyEJxv/OmvnBo0Yme4=
github.com/coreos/pkg v0.0.0-20180928190104-399ea9e2e55f/go.mod h1:E3G3o1h8I7cfcXa63jLwjI0eiQQMgzzUDFVpN/nH/eA=
github.com/cpuguy83/go-md2man v1.0.10/go.mod h1:SmD6nW6nTyfqj6ABTjUi3V3JVMnlJmwcJI5acqYI6dE=
github.com/davecgh/go-spew v1.1.0/go.mod h1:J7Y8YcW2NihsgmVo/mv3lAwl/skON4iLHjSsI+c5H38=
github.com/davecgh/go-spew v1.1.1 h1:vj9j/u1bqnvCEfJOwUhtlOARqs3+rkHYY13jYWTU97c=
github.com/davecgh/go-spew v1.1.1/go.mod h1:J7Y8YcW2NihsgmVo/mv3lAwl/skON4iLHjSsI+c5H38=
github.com/dgrijalva/jwt-go v3.2.0+incompatible/go.mod h1:E3ru+11k8xSBh+hMPgOLZmtrrCbhqsmaPHjLKYnJCaQ=
github.com/dgryski/go-sip13 v0.0.0-20181026042036-e10d5fee7954/go.mod h1:vAd38F8PWV+bWy6jNmig1y/TA+kYO4g3RSRF0IAv0no=
github.com/eclipse/paho.mqtt.golang v1.2.0 h1:1F8mhG9+aO5/xpdtFkW4SxOJB67ukuDC3t2y2qayIX0=
github.com/eclipse/paho.mqtt.golang v1.2.0/go.mod h1:H9keYFcgq3Qr5OUJm/JZI/i6U7joQ8SYLhZwfeOo6Ts=
github.com/fauna/faunadb-go v2.0.1-0.20190528212028-db401cd29d12+incompatible/go.mod h1:WYAh1hNDFEgbsKKeUhsHPGIFkpQ1CGn/5XejAFfOhHg=
github.com/fsnotify/fsnotify v1.4.7 h1:IXs+QLmnXW2CcXuY+8Mzv/fWEsPGWxqefPtCP5CnV9I=
github.com/fsnotify/fsnotify v1.4.7/go.mod h1:jwhsz4b93w/PPRr/qN1Yymfu8t87LnFCMoQvtojpjFo=
github.com/ghodss/yaml v1.0.0/go.mod h1:4dBDuWmgqj2HViK6kFavaiC9ZROes6MMH2rRYeMEF04=
github.com/go-kit/kit v0.8.0/go.mod h1:xBxKIO96dXMWWy0MnWVtmwkA9/13aqxPnvrjFYMA2as=
github.com/go-logfmt/logfmt v0.3.0/go.mod h1:Qt1PoO58o5twSAckw1HlFXLmHsOX5/0LbT9GBnD5lWE=
github.com/go-logfmt/logfmt v0.4.0/go.mod h1:3RMwSq7FuexP4Kalkev3ejPJsZTpXXBr9+V4qmtdjCk=
github.com/go-stack/stack v1.8.0/go.mod h1:v0f6uXyyMGvRgIKkXu+yp6POWl0qKG85gN/melR3HDY=
github.com/go-test/deep v1.0.4/go.mod h1:wGDj63lr65AM2AQyKZd/NYHGb0R+1RLqB8NKt3aSFNA=
github.com/gobuffalo/envy v1.7.0 h1:GlXgaiBkmrYMHco6t4j7SacKO4XUjvh5pwXh0f4uxXU=
github.com/gobuffalo/envy v1.7.0/go.mod h1:n7DRkBerg/aorDM8kbduw5dN3oXGswK5liaSCx4T5NI=
github.com/gobuffalo/envy v1.7.1 h1:OQl5ys5MBea7OGCdvPbBJWRgnhC/fGona6QKfvFeau8=
github.com/gobuffalo/envy v1.7.1/go.mod h1:FurDp9+EDPE4aIUS3ZLyD+7/9fpx7YRt/ukY6jIHf0w=
github.com/gobuffalo/logger v1.0.0/go.mod h1:2zbswyIUa45I+c+FLXuWl9zSWEiVuthsk8ze5s8JvPs=
github.com/gobuffalo/packd v0.3.0 h1:eMwymTkA1uXsqxS0Tpoop3Lc0u3kTfiMBE6nKtQU4g4=
github.com/gobuffalo/packd v0.3.0/go.mod h1:zC7QkmNkYVGKPw4tHpBQ+ml7W/3tIebgeo1b36chA3Q=
github.com/gobuffalo/packr v1.30.1 h1:hu1fuVR3fXEZR7rXNW3h8rqSML8EVAf6KNm0NKO/wKg=
github.com/gobuffalo/packr v1.30.1/go.mod h1:ljMyFO2EcrnzsHsN99cvbq055Y9OhRrIaviy289eRuk=
github.com/gobuffalo/packr/v2 v2.5.1/go.mod h1:8f9c96ITobJlPzI44jj+4tHnEKNt0xXWSVlXRN9X1Iw=
github.com/gobwas/httphead v0.0.0-20180130184737-2c6c146eadee h1:s+21KNqlpePfkah2I+gwHF8xmJWRjooY+5248k6m4A0=
github.com/gobwas/httphead v0.0.0-20180130184737-2c6c146eadee/go.mod h1:L0fX3K22YWvt/FAX9NnzrNzcI4wNYi9Yku4O0LKYflo=
github.com/gobwas/pool v0.2.0 h1:QEmUOlnSjWtnpRGHF3SauEiOsy82Cup83Vf2LcMlnc8=
github.com/gobwas/pool v0.2.0/go.mod h1:q8bcK0KcYlCgd9e7WYLm9LpyS+YeLd8JVDW6WezmKEw=
github.com/gobwas/ws v1.0.2 h1:CoAavW/wd/kulfZmSIBt6p24n4j7tHgNVCjsfHVNUbo=
github.com/gobwas/ws v1.0.2/go.mod h1:szmBTxLgaFppYjEmNtny/v3w89xOydFnnZMcgRRu/EM=
github.com/gogo/protobuf v1.1.1/go.mod h1:r8qH/GZQm5c6nD/R0oafs1akxWv10x8SbQlK7atdtwQ=
github.com/gogo/protobuf v1.2.1/go.mod h1:hp+jE20tsWTFYpLwKvXlhS1hjn+gTNwPg2I6zVXpSg4=
github.com/golang/glog v0.0.0-20160126235308-23def4e6c14b/go.mod h1:SBH7ygxi8pfUlaOkMMuAQtPIUF8ecWP5IEl/CR7VP2Q=
github.com/golang/groupcache v0.0.0-20190129154638-5b532d6fd5ef/go.mod h1:cIg4eruTrX1D+g88fzRXU5OdNfaM+9IcxsU14FzY7Hc=
github.com/golang/mock v1.1.1/go.mod h1:oTYuIxOrZwtPieC+H1uAHpcLFnEyAGVDL/k47Jfbm0A=
github.com/golang/mock v1.2.0/go.mod h1:oTYuIxOrZwtPieC+H1uAHpcLFnEyAGVDL/k47Jfbm0A=
github.com/golang/protobuf v1.2.0/go.mod h1:6lQm79b+lXiMfvg/cZm0SGofjICqVBUtrP5yJMmIC1U=
github.com/golang/protobuf v1.3.1/go.mod h1:6lQm79b+lXiMfvg/cZm0SGofjICqVBUtrP5yJMmIC1U=
github.com/golang/protobuf v1.3.2/go.mod h1:6lQm79b+lXiMfvg/cZm0SGofjICqVBUtrP5yJMmIC1U=
github.com/google/btree v1.0.0/go.mod h1:lNA+9X1NB3Zf8V7Ke586lFgjr2dZNuvo3lPJSGZ5JPQ=
github.com/google/go-cmp v0.2.0/go.mod h1:oXzfMopK8JAjlY9xF4vHSVASa0yLyX7SntLO5aqRK0M=
github.com/google/uuid v1.1.1 h1:Gkbcsh/GbpXz7lPftLA3P6TYMwjCLYm83jiFQZF/3gY=
github.com/google/uuid v1.1.1/go.mod h1:TIyPZe4MgqvfeYDBFedMoGGpEw/LqOeaOT+nhxU+yHo=
github.com/gorilla/websocket v1.4.0/go.mod h1:E7qHFY5m1UJ88s3WnNqhKjPHQ0heANvMoAMk2YaljkQ=
github.com/grpc-ecosystem/go-grpc-middleware v1.0.0/go.mod h1:FiyG127CGDf3tlThmgyCl78X/SZQqEOJBCDaAfeWzPs=
github.com/grpc-ecosystem/go-grpc-prometheus v1.2.0/go.mod h1:8NvIoxWQoOIhqOTXgfV/d3M/q6VIi02HzZEHgUlZvzk=
github.com/grpc-ecosystem/grpc-gateway v1.9.0/go.mod h1:vNeuVxBJEsws4ogUvrchl83t/GYV9WGTSLVdBhOQFDY=
github.com/hashicorp/hcl v1.0.0 h1:0Anlzjpi4vEasTeNFn2mLJgTSwt0+6sfsiTG8qcWGx4=
github.com/hashicorp/hcl v1.0.0/go.mod h1:E5yfLk+7swimpb2L/Alb/PJmXilQ/rhwaUYs4T20WEQ=
github.com/huandu/xstrings v1.2.1 h1:v6IdmkCnDhJG/S0ivr58PeIfg+tyhqQYy4YsCsQ0Pdc=
github.com/huandu/xstrings v1.2.1/go.mod h1:y5/lhBue+AyNmUVz9RLU9xbLR0o4KIIExikq4ovT0aE=
github.com/imdario/mergo v0.3.8 h1:CGgOkSJeqMRmt0D9XLWExdT4m4F1vd3FV3VPt+0VxkQ=
github.com/imdario/mergo v0.3.8/go.mod h1:2EnlNZ0deacrJVfApfmtdGgDfMuh/nq6Ok1EcJh5FfA=
github.com/inconshreveable/mousetrap v1.0.0 h1:Z8tu5sraLXCXIcARxBp/8cbvlwVa7Z1NHg9XEKhtSvM=
github.com/inconshreveable/mousetrap v1.0.0/go.mod h1:PxqpIevigyE2G7u3NXJIT2ANytuPF1OarO4DADm73n8=
github.com/jensneuse/diffview v1.0.0/go.mod h1:i6IacuD8LnEaPuiyzMHA+Wfz5mAuycMOf3R/orUY9y4=
github.com/jensneuse/graphql-go-tools v1.8.3-0.20191027145825-a4372b9a3b39 h1:wi5xeEkdBURcj+oQ5tUu6HNqhxwpGhfylIyqvqPqPUY=
github.com/jensneuse/graphql-go-tools v1.8.3-0.20191027145825-a4372b9a3b39/go.mod h1:eSQ22FOZShZPIisYCT2/ZpnFKqumySc3Kp7Zdw0+mEA=
github.com/jensneuse/graphql-go-tools v1.8.3-0.20191028082415-8820c270443a h1:M2gPrgdQlozaNicmXUDlHRqTdTTj7JADLIi28iMpwiI=
github.com/jensneuse/graphql-go-tools v1.8.3-0.20191028082415-8820c270443a/go.mod h1:MVY07TQITImlYTWr5lnEFNVCRDYLFoMgjc2mLbWCsB8=
github.com/jensneuse/graphql-go-tools v1.8.3-0.20191028110544-d8e155d98ca6 h1:/9zfUHAjSC+HzIAZ615xluA9vRnN5HN6F5Nk9Rgs4UI=
github.com/jensneuse/graphql-go-tools v1.8.3-0.20191028110544-d8e155d98ca6/go.mod h1:MVY07TQITImlYTWr5lnEFNVCRDYLFoMgjc2mLbWCsB8=
github.com/jensneuse/graphql-go-tools v1.8.3-0.20191104205606-81115e714e46 h1:nNBIbKFKVy4kVxoWwlM0AvkBoYBkrRe9icC6v2FimC8=
github.com/jensneuse/graphql-go-tools v1.8.3-0.20191104205606-81115e714e46/go.mod h1:bwiXNgOHeNJ5/zTpfG7wuCf+iJbbRhGQjQivSI2oPNA=
github.com/jensneuse/graphql-go-tools v1.8.3-0.20191104211029-f5b9594e7d16 h1:KI+8BRsU7KcLdAO49ct8/O1X1T3rI8LADENf2VpPvw0=
github.com/jensneuse/graphql-go-tools v1.8.3-0.20191104211029-f5b9594e7d16/go.mod h1:bwiXNgOHeNJ5/zTpfG7wuCf+iJbbRhGQjQivSI2oPNA=
github.com/jensneuse/graphql-go-tools v1.8.3-0.20191105141156-fd04e65fa021 h1:IX0KJ2tqbK7cZj6Z1rcZH/bOmWwmVyj1DWwGE+cs5aY=
github.com/jensneuse/graphql-go-tools v1.8.3-0.20191105141156-fd04e65fa021/go.mod h1:bwiXNgOHeNJ5/zTpfG7wuCf+iJbbRhGQjQivSI2oPNA=
github.com/jensneuse/graphql-go-tools v1.8.3-0.20191105155414-a934882cd4d5 h1:3ZFii6vRZk0r70Oro1eI8sTspIXE4k17/kqiE8pJk10=
github.com/jensneuse/graphql-go-tools v1.8.3-0.20191105155414-a934882cd4d5/go.mod h1:bwiXNgOHeNJ5/zTpfG7wuCf+iJbbRhGQjQivSI2oPNA=
github.com/jensneuse/graphql-go-tools v1.8.3-0.20191105160039-0ae606645aca h1:mS5eRvLLzpRNDzsWUFvUFZrwRxCW5iggCnTuohtNWeU=
github.com/jensneuse/graphql-go-tools v1.8.3-0.20191105160039-0ae606645aca/go.mod h1:bwiXNgOHeNJ5/zTpfG7wuCf+iJbbRhGQjQivSI2oPNA=
github.com/jensneuse/graphql-go-tools v1.8.3-0.20191105162332-f05b38c8be09 h1:fuF1NQVoDvYM+yZP0g/w7rOVlrhzQljMJq0TmLPbcqI=
github.com/jensneuse/graphql-go-tools v1.8.3-0.20191105162332-f05b38c8be09/go.mod h1:bwiXNgOHeNJ5/zTpfG7wuCf+iJbbRhGQjQivSI2oPNA=
github.com/jensneuse/graphql-go-tools v1.8.3-0.20191105163052-cbd4cbe9fcc9/go.mod h1:bwiXNgOHeNJ5/zTpfG7wuCf+iJbbRhGQjQivSI2oPNA=
github.com/jensneuse/graphql-go-tools v1.8.3-0.20191105170045-2cbdb4eb7987 h1:xOuaTMxKKvLPH1JzzmbD+BBlDDoZs8GTrNTDlErNzjQ=
github.com/jensneuse/graphql-go-tools v1.8.3-0.20191105170045-2cbdb4eb7987/go.mod h1:bwiXNgOHeNJ5/zTpfG7wuCf+iJbbRhGQjQivSI2oPNA=
github.com/jensneuse/graphql-go-tools v1.8.3-0.20191105174048-bed36546a466 h1:KKHNIJBvanzzlXoxiiIe4xOy6fSwM0/uHf5zvIyFYR0=
github.com/jensneuse/graphql-go-tools v1.8.3-0.20191105174048-bed36546a466/go.mod h1:bwiXNgOHeNJ5/zTpfG7wuCf+iJbbRhGQjQivSI2oPNA=
github.com/jensneuse/graphql-go-tools v1.8.3-0.20191106072144-a0d797cc0613 h1:83avfLyYx66Y3YLpNkkWWFBGxHKGv+bgej9UmjcaiMU=
github.com/jensneuse/graphql-go-tools v1.8.3-0.20191106072144-a0d797cc0613/go.mod h1:bwiXNgOHeNJ5/zTpfG7wuCf+iJbbRhGQjQivSI2oPNA=
github.com/jensneuse/graphql-go-tools v1.8.3-0.20191106072647-38e87afa7181 h1:pUBQf1UTYMr/GSV1xERUgXoOS1GJSOnrCmfZlkPCQbg=
github.com/jensneuse/graphql-go-tools v1.8.3-0.20191106072647-38e87afa7181/go.mod h1:bwiXNgOHeNJ5/zTpfG7wuCf+iJbbRhGQjQivSI2oPNA=
github.com/jensneuse/graphql-go-tools v1.8.3-0.20191106074401-d95e063340e9 h1:nVFKFWIzQ039l9LCMV6vjfpM2V1jGMxVR2/x5FYM+94=
github.com/jensneuse/graphql-go-tools v1.8.3-0.20191106074401-d95e063340e9/go.mod h1:bwiXNgOHeNJ5/zTpfG7wuCf+iJbbRhGQjQivSI2oPNA=
github.com/jensneuse/graphql-go-tools v1.8.3-0.20191106075427-4834f2973eca h1:nz6A6PUS37V5IDuRAry7IdeCt6IxMK6eg7euAQo88KE=
github.com/jensneuse/graphql-go-tools v1.8.3-0.20191106075427-4834f2973eca/go.mod h1:bwiXNgOHeNJ5/zTpfG7wuCf+iJbbRhGQjQivSI2oPNA=
github.com/jensneuse/graphql-go-tools v1.8.3-0.20191106075938-5a0d9bbae3de h1:AC7U20VegVIPclEgw/uLB5Ro9VGPwixm2zcswB49IAw=
github.com/jensneuse/graphql-go-tools v1.8.3-0.20191106075938-5a0d9bbae3de/go.mod h1:bwiXNgOHeNJ5/zTpfG7wuCf+iJbbRhGQjQivSI2oPNA=
github.com/jensneuse/graphql-go-tools v1.8.3-0.20191106080342-61f93f08ba96 h1:bGNKuTpWwrrayEdaeQcpwZi6oz2Z+fyiDIM611WQD5Q=
github.com/jensneuse/graphql-go-tools v1.8.3-0.20191106080342-61f93f08ba96/go.mod h1:bwiXNgOHeNJ5/zTpfG7wuCf+iJbbRhGQjQivSI2oPNA=
github.com/jensneuse/graphql-go-tools v1.8.3-0.20191106081250-347abe23e8cd h1:VxPJVQem2HjdS1HcGTzvJpX6UsiJiW+zx1ga5W5Q9bo=
github.com/jensneuse/graphql-go-tools v1.8.3-0.20191106081250-347abe23e8cd/go.mod h1:bwiXNgOHeNJ5/zTpfG7wuCf+iJbbRhGQjQivSI2oPNA=
github.com/jensneuse/graphql-go-tools v1.8.3-0.20191106082227-5a803e871324 h1:RBFAuc66A4qz4Rs6bHeHBjfIA3pnynFLWJV82gfHJ2g=
github.com/jensneuse/graphql-go-tools v1.8.3-0.20191106082227-5a803e871324/go.mod h1:bwiXNgOHeNJ5/zTpfG7wuCf+iJbbRhGQjQivSI2oPNA=
github.com/jensneuse/graphql-go-tools v1.8.3-0.20191106083001-1b6cc83ddf98 h1:HjwjuelqTQNieoH5sJ6CAlQicHjFNpUY/uK9Uf5iWdE=
github.com/jensneuse/graphql-go-tools v1.8.3-0.20191106083001-1b6cc83ddf98/go.mod h1:bwiXNgOHeNJ5/zTpfG7wuCf+iJbbRhGQjQivSI2oPNA=
github.com/jensneuse/graphql-go-tools v1.8.3-0.20191106083604-a994b20e1019 h1:GM06GcgKnIwcRpZiHYZjb6qgE2ZyuhR7kpoFf+uRAiI=
github.com/jensneuse/graphql-go-tools v1.8.3-0.20191106083604-a994b20e1019/go.mod h1:bwiXNgOHeNJ5/zTpfG7wuCf+iJbbRhGQjQivSI2oPNA=
github.com/jensneuse/graphql-go-tools v1.8.3-0.20191106084255-63637a60dd70 h1:dHmdx/4wNj7OZIO9jG98E32POwwBxTMi51RWjmUTMZ8=
github.com/jensneuse/graphql-go-tools v1.8.3-0.20191106084255-63637a60dd70/go.mod h1:bwiXNgOHeNJ5/zTpfG7wuCf+iJbbRhGQjQivSI2oPNA=
github.com/jensneuse/graphql-go-tools v1.8.3-0.20191106085024-6d41a327fab4 h1:QcGP4Xz2bXhuiQMYEgK3VXpD6bMnxGE2EbKBRjsTfPo=
github.com/jensneuse/graphql-go-tools v1.8.3-0.20191106085024-6d41a327fab4/go.mod h1:bwiXNgOHeNJ5/zTpfG7wuCf+iJbbRhGQjQivSI2oPNA=
github.com/jensneuse/graphql-go-tools v1.8.3-0.20191107113820-fd2c22131515 h1:cFKdFtnqi7B8UtSHjQOtC1a5QVKpbeLFiOSavAUkKPA=
github.com/jensneuse/graphql-go-tools v1.8.3-0.20191107113820-fd2c22131515/go.mod h1:0LvRsc/ug52VbHlsdCr8hl9/ClNUPExce4MOOEPNogE=
github.com/jensneuse/graphql-go-tools v1.8.3-0.20191107115943-77d3200424b5 h1:i3aqUQvMr/0E/XLldWiLGygggllv62E/iZmCMdjSZd8=
github.com/jensneuse/graphql-go-tools v1.8.3-0.20191107115943-77d3200424b5/go.mod h1:tdw/5PykMKiGiylfRhyHR73nfe+NGL6nn/inGGQ2XFE=
github.com/jensneuse/graphql-go-tools v1.8.3-0.20191107121610-624d137b8d49 h1:neCYnyb+03sDDWKT06k4tkobKW5nWGKAX4W4z+ygI44=
github.com/jensneuse/graphql-go-tools v1.8.3-0.20191107121610-624d137b8d49/go.mod h1:tdw/5PykMKiGiylfRhyHR73nfe+NGL6nn/inGGQ2XFE=
github.com/jensneuse/graphql-go-tools v1.8.3-0.20191107123249-6c6d0f06664c h1:T1xAjOCuuyQjqPn/FnzsuFU4HxdCe3i4emlGJo48Y4o=
github.com/jensneuse/graphql-go-tools v1.8.3-0.20191107123249-6c6d0f06664c/go.mod h1:tdw/5PykMKiGiylfRhyHR73nfe+NGL6nn/inGGQ2XFE=
github.com/jensneuse/graphql-go-tools v1.8.3-0.20191107135238-a38ed86c1a56 h1:LxzDVK/T6xbXoZhqSob1NOYBEGQ7yd2/AC7m5xu4e6o=
github.com/jensneuse/graphql-go-tools v1.8.3-0.20191107135238-a38ed86c1a56/go.mod h1:tdw/5PykMKiGiylfRhyHR73nfe+NGL6nn/inGGQ2XFE=
github.com/jensneuse/graphql-go-tools v1.8.3-0.20191107135629-a99f51a5f574 h1:kBAWm9KbUAgWDRzQWafffHMxdZOQSqhZ4fQ8OIHRuWk=
github.com/jensneuse/graphql-go-tools v1.8.3-0.20191107135629-a99f51a5f574/go.mod h1:tdw/5PykMKiGiylfRhyHR73nfe+NGL6nn/inGGQ2XFE=
github.com/jensneuse/graphql-go-tools v1.8.3-0.20191107135917-5124167e086d h1:/9f+BgLcKYKxomckAEPELWO5jN8KkxWOJkOnqlG3a5U=
github.com/jensneuse/graphql-go-tools v1.8.3-0.20191107135917-5124167e086d/go.mod h1:tdw/5PykMKiGiylfRhyHR73nfe+NGL6nn/inGGQ2XFE=
github.com/jensneuse/graphql-go-tools v1.8.3-0.20191107141405-00336ea6d81e h1:j+2jBs4Ro4mz8xSdXtptlpv/xy0nxwGD7dRgY4e80AQ=
github.com/jensneuse/graphql-go-tools v1.8.3-0.20191107141405-00336ea6d81e/go.mod h1:tdw/5PykMKiGiylfRhyHR73nfe+NGL6nn/inGGQ2XFE=
github.com/jensneuse/graphql-go-tools v1.8.3-0.20191107141738-6af8ce41d88a h1:mlZxsVoBcs+AxWBaFbfeBLeA7BJbSy+WGFotvIw4exE=
github.com/jensneuse/graphql-go-tools v1.8.3-0.20191107141738-6af8ce41d88a/go.mod h1:tdw/5PykMKiGiylfRhyHR73nfe+NGL6nn/inGGQ2XFE=
github.com/jensneuse/graphql-go-tools v1.8.3-0.20191107142948-3abf364078fb h1:KFpDLDDmHx9JXEHv0/NRGlWZU4cR7PcdB1UEpdNJ5us=
github.com/jensneuse/graphql-go-tools v1.8.3-0.20191107142948-3abf364078fb/go.mod h1:tdw/5PykMKiGiylfRhyHR73nfe+NGL6nn/inGGQ2XFE=
github.com/jensneuse/graphql-go-tools v1.8.3-0.20191107145304-1df5f6a916eb h1:4pLS3/VJtFjROksUrgGgEbHCuTOgkaNvO+nW7KFacTc=
github.com/jensneuse/graphql-go-tools v1.8.3-0.20191107145304-1df5f6a916eb/go.mod h1:tdw/5PykMKiGiylfRhyHR73nfe+NGL6nn/inGGQ2XFE=
github.com/jensneuse/graphql-go-tools v1.8.3-0.20191110100631-52bb0084b31c h1:YmAktMeeKXgBFnpBP8AAB0HSIazyLSQE2ufYjwalANY=
github.com/jensneuse/graphql-go-tools v1.8.3-0.20191110100631-52bb0084b31c/go.mod h1:tdw/5PykMKiGiylfRhyHR73nfe+NGL6nn/inGGQ2XFE=
github.com/jensneuse/graphql-go-tools v1.8.3-0.20191110103104-4618afce2edd h1:MhCSkik89plcy3KdRU2Rv1yL8fU/YuMyzN0nlWOU7Lo=
github.com/jensneuse/graphql-go-tools v1.8.3-0.20191110103104-4618afce2edd/go.mod h1:tdw/5PykMKiGiylfRhyHR73nfe+NGL6nn/inGGQ2XFE=
github.com/jensneuse/graphql-go-tools v1.8.3-0.20191110112223-bcb51850b6cc h1:PgR3Xv9PHGSL+NeFSvsfEPULm5QrCPGlkfde5335nK8=
github.com/jensneuse/graphql-go-tools v1.8.3-0.20191110112223-bcb51850b6cc/go.mod h1:tdw/5PykMKiGiylfRhyHR73nfe+NGL6nn/inGGQ2XFE=
github.com/jensneuse/graphql-go-tools v1.8.3-0.20191110121827-1f6904cefcf9 h1:+2sb5/kVsRAkR2Wr2p2HamwlhssyPGoL9KTdp6T0QMQ=
github.com/jensneuse/graphql-go-tools v1.8.3-0.20191110121827-1f6904cefcf9/go.mod h1:tdw/5PykMKiGiylfRhyHR73nfe+NGL6nn/inGGQ2XFE=
github.com/jensneuse/graphql-go-tools v1.8.3-0.20191112113933-60c5af42e080 h1:tWYXXAkCdfpKot5ClpWRwb5YfWKZp+J58UoRbxpXnYU=
github.com/jensneuse/graphql-go-tools v1.8.3-0.20191112113933-60c5af42e080/go.mod h1:tdw/5PykMKiGiylfRhyHR73nfe+NGL6nn/inGGQ2XFE=
github.com/jensneuse/graphql-go-tools v1.8.3-0.20191128135457-3a499a5350d5 h1:kdQ4n2afzFsVByWvxsI8EPO1tW3PiSwlBhdneYf5HJo=
github.com/jensneuse/graphql-go-tools v1.8.3-0.20191128135457-3a499a5350d5/go.mod h1:tdw/5PykMKiGiylfRhyHR73nfe+NGL6nn/inGGQ2XFE=
github.com/jensneuse/graphql-go-tools v1.8.3-0.20191201102959-f5819e1741ce h1:vKa/96WNColPO9BII+gPn3trE8N4wwj/tMLiOu92VTs=
github.com/jensneuse/graphql-go-tools v1.8.3-0.20191201102959-f5819e1741ce/go.mod h1:tdw/5PykMKiGiylfRhyHR73nfe+NGL6nn/inGGQ2XFE=
github.com/jensneuse/graphql-go-tools v1.8.3-0.20191201115034-a3acb38a8705 h1:d8GuqvT8CkHvz9SkUFKSQ1tgoGFEChv7XkHIBwEVc3s=
github.com/jensneuse/graphql-go-tools v1.8.3-0.20191201115034-a3acb38a8705/go.mod h1:tdw/5PykMKiGiylfRhyHR73nfe+NGL6nn/inGGQ2XFE=
github.com/jensneuse/graphql-go-tools v1.8.3-0.20191201123430-8079bbf5422b h1:48EsNI8qWBTVvbG45r+9pr+ywJe9WFvPidx1ZcsWt8Y=
github.com/jensneuse/graphql-go-tools v1.8.3-0.20191201123430-8079bbf5422b/go.mod h1:tdw/5PykMKiGiylfRhyHR73nfe+NGL6nn/inGGQ2XFE=
github.com/jensneuse/graphql-go-tools v1.8.3-0.20191201124936-5eac7b00c11a h1:baN2xJXOQdGxf7HqGLCJ1F6VD1oJ0JGH1yCHwnliLqQ=
github.com/jensneuse/graphql-go-tools v1.8.3-0.20191201124936-5eac7b00c11a/go.mod h1:tdw/5PykMKiGiylfRhyHR73nfe+NGL6nn/inGGQ2XFE=
github.com/jensneuse/graphql-go-tools v1.8.3-0.20191201125532-9844f699ef49 h1:WoNxsSG0rJEKC8gWIrvZ1W1RWM0ZAKWbzLiCo9EK40Q=
github.com/jensneuse/graphql-go-tools v1.8.3-0.20191201125532-9844f699ef49/go.mod h1:tdw/5PykMKiGiylfRhyHR73nfe+NGL6nn/inGGQ2XFE=
github.com/jensneuse/graphql-go-tools v1.8.3-0.20191201130149-db8e785954af h1:23jH+Y+JprIXrG2g6knXBP4Hgtxsxn8agj+6dG0bNCY=
github.com/jensneuse/graphql-go-tools v1.8.3-0.20191201130149-db8e785954af/go.mod h1:tdw/5PykMKiGiylfRhyHR73nfe+NGL6nn/inGGQ2XFE=
github.com/jensneuse/graphql-go-tools v1.8.3-0.20191202074336-eb0951db4eb7 h1:G6K6JFp1u6JGMhNAWUDbXys4fU1GpMGKSq2XFSz+Pqc=
github.com/jensneuse/graphql-go-tools v1.8.3-0.20191202074336-eb0951db4eb7/go.mod h1:tdw/5PykMKiGiylfRhyHR73nfe+NGL6nn/inGGQ2XFE=
github.com/jensneuse/graphql-go-tools v1.8.3-0.20191202103943-68e745af8893 h1:wkK2HIJrmIcUPS9N66wK2+/o3eRqHC0CVr2X4mFykLg=
github.com/jensneuse/graphql-go-tools v1.8.3-0.20191202103943-68e745af8893/go.mod h1:BuKOrbohnqflSY4wY8tsBG/b5lvXNPe9yhfO72kugr8=
github.com/jensneuse/graphql-go-tools v1.8.3-0.20191202130603-14f2e2337225 h1:52BsvcQScO669heTaT0O3s/qzp3lN7VBe8SJUwpNfyM=
github.com/jensneuse/graphql-go-tools v1.8.3-0.20191202130603-14f2e2337225/go.mod h1:BuKOrbohnqflSY4wY8tsBG/b5lvXNPe9yhfO72kugr8=
github.com/jensneuse/graphql-go-tools v1.8.3-0.20191202150321-019706357c01 h1:sRw8ZrqP+WtNAEXF+su8A+FpOpbnywdC8EH85f96zG0=
github.com/jensneuse/graphql-go-tools v1.8.3-0.20191202150321-019706357c01/go.mod h1:BuKOrbohnqflSY4wY8tsBG/b5lvXNPe9yhfO72kugr8=
github.com/jensneuse/graphql-go-tools v1.8.3-0.20191202154600-dd4c38efa6f0 h1:XNZ7U12ImRPP2EGSQRGVga/SkUc6V/hUTkziKqi3iKM=
github.com/jensneuse/graphql-go-tools v1.8.3-0.20191202154600-dd4c38efa6f0/go.mod h1:BuKOrbohnqflSY4wY8tsBG/b5lvXNPe9yhfO72kugr8=
github.com/jensneuse/graphql-go-tools v1.8.3-0.20191204094855-24d24950e6b9 h1:AmOU2TXHpiN5jX9SECy7l0G2pY1UE0vIhdnCXK4nAqg=
github.com/jensneuse/graphql-go-tools v1.8.3-0.20191204094855-24d24950e6b9/go.mod h1:na8VNl4dA8Q+Z9yujs570ILvxQlGMkM3PuWWg5B7ZWw=
github.com/jensneuse/graphql-go-tools v1.8.3-0.20191204135148-8d622f11a8c3 h1:ws7U9+Fm9Frf04FaVq/fJo3+0v23DQleUIT/C0bkImg=
github.com/jensneuse/graphql-go-tools v1.8.3-0.20191204135148-8d622f11a8c3/go.mod h1:na8VNl4dA8Q+Z9yujs570ILvxQlGMkM3PuWWg5B7ZWw=
github.com/jensneuse/graphql-go-tools v1.8.3-0.20191204161338-6fda1b395e06 h1:XQFnQzunUa3YrbhSVwX5NFvtGnn+dLFaoHIX8lnBOfs=
github.com/jensneuse/graphql-go-tools v1.8.3-0.20191204161338-6fda1b395e06/go.mod h1:Y6k/0HGM6BllZrR7XdjboyD9JvPmmQbK+adnDVdtzGc=
github.com/jensneuse/graphql-go-tools v1.8.3-0.20191204163605-49790e3c35b3 h1:9rMGfZ7sgvlug72poI3iJUN8wS3ASbnydqIDTp02Z8U=
github.com/jensneuse/graphql-go-tools v1.8.3-0.20191204163605-49790e3c35b3/go.mod h1:Y6k/0HGM6BllZrR7XdjboyD9JvPmmQbK+adnDVdtzGc=
github.com/jensneuse/graphql-go-tools v1.8.3-0.20191204163857-3f98a173cb46 h1:zzYGZCmFb8NefPrIf78maHIqcSdBmzFWQB31P3iyeOw=
github.com/jensneuse/graphql-go-tools v1.8.3-0.20191204163857-3f98a173cb46/go.mod h1:Y6k/0HGM6BllZrR7XdjboyD9JvPmmQbK+adnDVdtzGc=
github.com/jensneuse/graphql-go-tools v1.8.3-0.20191204164031-0596409f78b1 h1:ggoe7soZHSlVT81yWMXp1dQtxLRM1/2cIu5Qapb8IoI=
github.com/jensneuse/graphql-go-tools v1.8.3-0.20191204164031-0596409f78b1/go.mod h1:Y6k/0HGM6BllZrR7XdjboyD9JvPmmQbK+adnDVdtzGc=
github.com/jensneuse/graphql-go-tools v1.8.3-0.20191204164220-8864c86914a8 h1:7wDPlBO/nmEy4ss06K2xLhuFM5uGfPe1fqJPjgbNuXw=
github.com/jensneuse/graphql-go-tools v1.8.3-0.20191204164220-8864c86914a8/go.mod h1:Y6k/0HGM6BllZrR7XdjboyD9JvPmmQbK+adnDVdtzGc=
github.com/jensneuse/graphql-go-tools v1.8.3-0.20191204164852-708fb8da48bf h1:Rq1ivQJDko5oRLbkExXVd0lHQXf7047IIiASltL9jCM=
github.com/jensneuse/graphql-go-tools v1.8.3-0.20191204164852-708fb8da48bf/go.mod h1:Y6k/0HGM6BllZrR7XdjboyD9JvPmmQbK+adnDVdtzGc=
github.com/jensneuse/graphql-go-tools v1.8.3-0.20191204165546-6287426d87af h1:PdhP3nDIV/pYFOHMVyR2CkSEL6GSgy9VrHsykBKML/Y=
github.com/jensneuse/graphql-go-tools v1.8.3-0.20191204165546-6287426d87af/go.mod h1:Y6k/0HGM6BllZrR7XdjboyD9JvPmmQbK+adnDVdtzGc=
github.com/jensneuse/graphql-go-tools v1.8.3-0.20191204165732-19ecc955fcac h1:kNDk4xu1jbIjrWlbf1tKEUs5QWBE8oqw0VMSbD4XhXM=
github.com/jensneuse/graphql-go-tools v1.8.3-0.20191204165732-19ecc955fcac/go.mod h1:Y6k/0HGM6BllZrR7XdjboyD9JvPmmQbK+adnDVdtzGc=
github.com/jensneuse/graphql-go-tools v1.8.3-0.20191206110844-687e47e1eb95 h1:18X4BTnYFVHxEHgQNSQ+1PYKXljElERiGX7fnCNExv0=
github.com/jensneuse/graphql-go-tools v1.8.3-0.20191206110844-687e47e1eb95/go.mod h1:Y6k/0HGM6BllZrR7XdjboyD9JvPmmQbK+adnDVdtzGc=
github.com/jensneuse/graphql-go-tools v1.8.3-0.20191206114750-3286a9d69271 h1:76SteTxFJOrkG6MGvuaJw+85kYxd2KZwipoOGR/sVu4=
github.com/jensneuse/graphql-go-tools v1.8.3-0.20191206114750-3286a9d69271/go.mod h1:Y6k/0HGM6BllZrR7XdjboyD9JvPmmQbK+adnDVdtzGc=
github.com/jensneuse/graphql-go-tools v1.8.3-0.20191206115002-18c43eaa9efc h1:lRhWZ0nZ3eKqpRvipbBQDEiBFWq4ht3YZhCNjZbPMtE=
github.com/jensneuse/graphql-go-tools v1.8.3-0.20191206115002-18c43eaa9efc/go.mod h1:Y6k/0HGM6BllZrR7XdjboyD9JvPmmQbK+adnDVdtzGc=
github.com/jensneuse/graphql-go-tools v1.8.3-0.20191206115548-4408ea501560 h1:uQa3LSVAafyiFoYhmJerRNCb4l0uqKCFXYYQB/nFUOk=
github.com/jensneuse/graphql-go-tools v1.8.3-0.20191206115548-4408ea501560/go.mod h1:Y6k/0HGM6BllZrR7XdjboyD9JvPmmQbK+adnDVdtzGc=
github.com/jensneuse/graphql-go-tools v1.8.3-0.20191206120251-8fdff248fada h1:f2pO62sL5RQzYYaNz3xDzb6QsFwBBgtJtC3Qp1Jd/NY=
github.com/jensneuse/graphql-go-tools v1.8.3-0.20191206120251-8fdff248fada/go.mod h1:Y6k/0HGM6BllZrR7XdjboyD9JvPmmQbK+adnDVdtzGc=
github.com/jensneuse/graphql-go-tools v1.8.3-0.20191206120910-42d7dc498650 h1:LS9X7PsQg0GF27AVvrYeo10nGwbNdZRA84DjMkbSBLI=
github.com/jensneuse/graphql-go-tools v1.8.3-0.20191206120910-42d7dc498650/go.mod h1:Y6k/0HGM6BllZrR7XdjboyD9JvPmmQbK+adnDVdtzGc=
github.com/jensneuse/graphql-go-tools v1.8.3-0.20191208124515-106fc5632957 h1:nrjmgN/Jg6NayFGumUQyXq8sFKKMh4TcgMYkeDIvPcM=
github.com/jensneuse/graphql-go-tools v1.8.3-0.20191208124515-106fc5632957/go.mod h1:Y6k/0HGM6BllZrR7XdjboyD9JvPmmQbK+adnDVdtzGc=
github.com/jensneuse/graphql-go-tools v1.8.3-0.20191210100247-395fc5ca3e66 h1:u1BpW3x/t1N5EmKW/BPg4xZWogbgobUD8UD+6A+ne/c=
github.com/jensneuse/graphql-go-tools v1.8.3-0.20191210100247-395fc5ca3e66/go.mod h1:YU7k8fkeMqJx4Wh4eF6ygYj1MIo4/6QcCf+Q3P1W0zw=
github.com/jensneuse/graphql-go-tools v1.8.3-0.20191210101333-4348f8a69922 h1:WBx2pDYTIxKXUAluEromOpSQ/7wrKmb2AUZKChtChs4=
github.com/jensneuse/graphql-go-tools v1.8.3-0.20191210101333-4348f8a69922/go.mod h1:YU7k8fkeMqJx4Wh4eF6ygYj1MIo4/6QcCf+Q3P1W0zw=
github.com/jensneuse/graphql-go-tools v1.8.3-0.20191210101603-dd6a2e8934f6 h1:7rvtdfvh/k+dRLIhzcGmXJDYwQEtgqEBJ3f7YzYfkeI=
github.com/jensneuse/graphql-go-tools v1.8.3-0.20191210101603-dd6a2e8934f6/go.mod h1:YU7k8fkeMqJx4Wh4eF6ygYj1MIo4/6QcCf+Q3P1W0zw=
github.com/jensneuse/graphql-go-tools v1.8.3-0.20191210102224-b763fff5e84c h1:agmfSW7Z9a/CB72A8vb/A6siXnthjSZglnb5LLyRCeM=
github.com/jensneuse/graphql-go-tools v1.8.3-0.20191210102224-b763fff5e84c/go.mod h1:YU7k8fkeMqJx4Wh4eF6ygYj1MIo4/6QcCf+Q3P1W0zw=
github.com/jensneuse/graphql-go-tools v1.8.3-0.20191210104321-3490a372ea20 h1:iwHbJo8H4Xka7SwG5koSb8lrxd8yDV7M4yrlJGcqBEg=
github.com/jensneuse/graphql-go-tools v1.8.3-0.20191210104321-3490a372ea20/go.mod h1:YU7k8fkeMqJx4Wh4eF6ygYj1MIo4/6QcCf+Q3P1W0zw=
github.com/jensneuse/graphql-go-tools v1.8.3-0.20191210105231-47a117b17a7a h1:nxUs2uPZ55pkTc/Ft9z025Sm5M/87g69lFoDN/iAg1k=
github.com/jensneuse/graphql-go-tools v1.8.3-0.20191210105231-47a117b17a7a/go.mod h1:YU7k8fkeMqJx4Wh4eF6ygYj1MIo4/6QcCf+Q3P1W0zw=
github.com/jensneuse/graphql-go-tools v1.8.3-0.20191210105551-afbfc8719afe h1:bT7O1+rNOkGVtuvfDYtKhWsO0uHvJ65ty4Wuey6lHD0=
github.com/jensneuse/graphql-go-tools v1.8.3-0.20191210105551-afbfc8719afe/go.mod h1:YU7k8fkeMqJx4Wh4eF6ygYj1MIo4/6QcCf+Q3P1W0zw=
github.com/jensneuse/graphql-go-tools v1.8.3-0.20191210110105-23bdcaea95d2 h1:pXVVZ1P0TOPmfZRvOs34Jkdpz7uxpevVIthoo7XPMoE=
github.com/jensneuse/graphql-go-tools v1.8.3-0.20191210110105-23bdcaea95d2/go.mod h1:YU7k8fkeMqJx4Wh4eF6ygYj1MIo4/6QcCf+Q3P1W0zw=
github.com/jensneuse/graphql-go-tools v1.8.3-0.20191213195032-3c4a3f1c2b16 h1:Fuymxg5muAoXvEWjSWY7Hq9RZtlHVqT2JRoT4NIjwDw=
github.com/jensneuse/graphql-go-tools v1.8.3-0.20191213195032-3c4a3f1c2b16/go.mod h1:axSooW39DtL/kqE2qaQlJVBXr9/fD/20uOr6M5oExJI=
github.com/jensneuse/graphql-go-tools v1.8.3-0.20191213200519-8322c3a109bb h1:5Fo+DrXwfqlh8NtIx8ZwgDi8FCVAEFtvuudtRkCYKKE=
github.com/jensneuse/graphql-go-tools v1.8.3-0.20191213200519-8322c3a109bb/go.mod h1:axSooW39DtL/kqE2qaQlJVBXr9/fD/20uOr6M5oExJI=
github.com/jensneuse/graphql-go-tools v1.8.3-0.20191213200756-f3f116aa9673 h1:CbOrJwMVlumAp+m/q3lTB8Db66uul1ze8Sg5pd49UGY=
github.com/jensneuse/graphql-go-tools v1.8.3-0.20191213200756-f3f116aa9673/go.mod h1:axSooW39DtL/kqE2qaQlJVBXr9/fD/20uOr6M5oExJI=
github.com/jensneuse/graphql-go-tools v1.8.3-0.20191213202058-dce00b0dfde7 h1:9sxBZ1/uXbK8orhubN4+tzV6Tz3kXk7axeTojVwEM9I=
github.com/jensneuse/graphql-go-tools v1.8.3-0.20191213202058-dce00b0dfde7/go.mod h1:axSooW39DtL/kqE2qaQlJVBXr9/fD/20uOr6M5oExJI=
github.com/jensneuse/graphql-go-tools v1.8.3-0.20191215133759-33330eee74a9 h1:52ioyrXhoohZ28LjulDZcTila4UzvR4qUQY2luNe9qc=
github.com/jensneuse/graphql-go-tools v1.8.3-0.20191215133759-33330eee74a9/go.mod h1:axSooW39DtL/kqE2qaQlJVBXr9/fD/20uOr6M5oExJI=
github.com/jensneuse/graphql-go-tools v1.8.3-0.20191227153246-79033fb74966 h1:uWWLDHIDFV73XD8MCe1iNCTQexz7VPXVe+i0UaDoCzM=
github.com/jensneuse/graphql-go-tools v1.8.3-0.20191227153246-79033fb74966/go.mod h1:frYIe/W7VDJUil/79plNgRLMiH5pGc9vL8rrWnw2GbI=
github.com/jensneuse/graphql-go-tools v1.8.3-0.20200109161701-964c808d40a7 h1:iPp34XlB68OpUh3lHnxqLaSJjL33XA38VBrV7Pq/Ju8=
github.com/jensneuse/graphql-go-tools v1.8.3-0.20200109161701-964c808d40a7/go.mod h1:uM0HeIqb4mv6BHwO99uZ8NrKh7sOrwwOLuvphvDAOek=
github.com/jensneuse/pipeline v0.0.0-20200109160550-f4ca9aef3017 h1:Y7IKk+A9QWsLdG0crjrD8RU32fRk0U0a7tEPh8kOoIM=
github.com/jensneuse/pipeline v0.0.0-20200109160550-f4ca9aef3017/go.mod h1:UsfzaMt+keVOxa007GcCJMFeTHr6voRfBGMQEW7DkdM=
github.com/joho/godotenv v1.3.0 h1:Zjp+RcGpHhGlrMbJzXTrZZPrWj+1vfm90La1wgB6Bhc=
github.com/joho/godotenv v1.3.0/go.mod h1:7hK45KPybAkOC6peb+G5yklZfMxEjkZhHbwpqxOKXbg=
github.com/jonboulle/clockwork v0.1.0/go.mod h1:Ii8DK3G1RaLaWxj9trq07+26W01tbo22gdxWY5EU2bo=
github.com/julienschmidt/httprouter v1.2.0/go.mod h1:SYymIcj16QtmaHHD7aYtjjsJG7VTCxuUUipMqKk8s4w=
github.com/karrick/godirwalk v1.10.12/go.mod h1:RoGL9dQei4vP9ilrpETWE8CLOZ1kiN0LhBygSwrAsHA=
github.com/kisielk/errcheck v1.1.0/go.mod h1:EZBBE59ingxPouuu3KfxchcWSUPOHkagtvWXihfKN4Q=
github.com/kisielk/gotool v1.0.0/go.mod h1:XhKaO+MFFWcvkIS/tQcRk01m1F5IRFswLeQ+oQHNcck=
github.com/klauspost/compress v1.4.0/go.mod h1:RyIbtBH6LamlWaDj8nUwkbUhJ87Yi3uG0guNDohfE1A=
github.com/klauspost/compress v1.4.1/go.mod h1:RyIbtBH6LamlWaDj8nUwkbUhJ87Yi3uG0guNDohfE1A=
github.com/klauspost/cpuid v0.0.0-20180405133222-e7e905edc00e/go.mod h1:Pj4uuM528wm8OyEC2QMXAi2YiTZ96dNQPGgoMS4s3ek=
github.com/klauspost/cpuid v1.2.0/go.mod h1:Pj4uuM528wm8OyEC2QMXAi2YiTZ96dNQPGgoMS4s3ek=
github.com/konsorten/go-windows-terminal-sequences v1.0.1/go.mod h1:T0+1ngSBFLxvqU3pZ+m/2kptfBszLMUkC4ZK/EgS/cQ=
github.com/konsorten/go-windows-terminal-sequences v1.0.2/go.mod h1:T0+1ngSBFLxvqU3pZ+m/2kptfBszLMUkC4ZK/EgS/cQ=
github.com/kr/logfmt v0.0.0-20140226030751-b84e30acd515/go.mod h1:+0opPa2QZZtGFBFZlji/RkVcI2GknAs/DXo4wKdlNEc=
github.com/kr/pretty v0.1.0/go.mod h1:dAy3ld7l9f0ibDNOQOHHMYYIIbhfbHSm3C4ZsoJORNo=
github.com/kr/pty v1.1.1/go.mod h1:pFQYn66WHrOpPYNljwOMqo10TkYh1fy3cYio2l3bCsQ=
github.com/kr/text v0.1.0/go.mod h1:4Jbv+DJW3UT/LiOwJeYQe1efqtUx/iVham/4vfdArNI=
github.com/magiconair/properties v1.8.0 h1:LLgXmsheXeRoUOBOjtwPQCWIYqM/LU1ayDtDePerRcY=
github.com/magiconair/properties v1.8.0/go.mod h1:PppfXfuXeibc/6YijjN8zIbojt8czPbwD3XqdrwzmxQ=
github.com/magiconair/properties v1.8.1 h1:ZC2Vc7/ZFkGmsVC9KvOjumD+G5lXy2RtTKyzRKO2BQ4=
github.com/magiconair/properties v1.8.1/go.mod h1:PppfXfuXeibc/6YijjN8zIbojt8czPbwD3XqdrwzmxQ=
github.com/matttproud/golang_protobuf_extensions v1.0.1/go.mod h1:D8He9yQNgCq6Z5Ld7szi9bcBfOoFv/3dc6xSMkL2PC0=
github.com/mitchellh/copystructure v1.0.0 h1:Laisrj+bAB6b/yJwB5Bt3ITZhGJdqmxquMKeZ+mmkFQ=
github.com/mitchellh/copystructure v1.0.0/go.mod h1:SNtv71yrdKgLRyLFxmLdkAbkKEFWgYaq1OVrnRcwhnw=
github.com/mitchellh/go-homedir v1.1.0 h1:lukF9ziXFxDFPkA1vsr5zpc1XuPDn/wFntq5mG+4E0Y=
github.com/mitchellh/go-homedir v1.1.0/go.mod h1:SfyaCUpYCn1Vlf4IUYiD9fPX4A5wJrkLzIz1N1q0pr0=
github.com/mitchellh/mapstructure v1.1.2 h1:fmNYVwqnSfB9mZU6OS2O6GsXM+wcskZDuKQzvN1EDeE=
github.com/mitchellh/mapstructure v1.1.2/go.mod h1:FVVH3fgwuzCH5S8UJGiWEs2h04kUh9fWfEaFds41c1Y=
github.com/mitchellh/reflectwalk v1.0.0 h1:9D+8oIskB4VJBN5SFlmc27fSlIBZaov1Wpk/IfikLNY=
github.com/mitchellh/reflectwalk v1.0.0/go.mod h1:mSTlrgnPZtwu0c4WaC2kGObEpuNDbx0jmZXqmk4esnw=
github.com/mwitkow/go-conntrack v0.0.0-20161129095857-cc309e4a2223/go.mod h1:qRWi+5nqEBWmkhHvq77mSJWrCKwh8bxhgT7d/eI7P4U=
github.com/nats-io/jwt v0.3.0 h1:xdnzwFETV++jNc4W1mw//qFyJGb2ABOombmZJQS4+Qo=
github.com/nats-io/jwt v0.3.0/go.mod h1:fRYCDE99xlTsqUzISS1Bi75UBJ6ljOJQOAAu5VglpSg=
github.com/nats-io/jwt v0.3.2 h1:+RB5hMpXUUA2dfxuhBTEkMOrYmM+gKIZYS1KjSostMI=
github.com/nats-io/jwt v0.3.2/go.mod h1:/euKqTS1ZD+zzjYrY7pseZrTtWQSjujC7xjPc8wL6eU=
github.com/nats-io/nats-server/v2 v2.1.2/go.mod h1:Afk+wRZqkMQs/p45uXdrVLuab3gwv3Z8C4HTBu8GD/k=
github.com/nats-io/nats.go v1.9.1 h1:ik3HbLhZ0YABLto7iX80pZLPw/6dx3T+++MZJwLnMrQ=
github.com/nats-io/nats.go v1.9.1/go.mod h1:ZjDU1L/7fJ09jvUSRVBR2e7+RnLiiIQyqyzEE/Zbp4w=
github.com/nats-io/nkeys v0.1.0 h1:qMd4+pRHgdr1nAClu+2h/2a5F2TmKcCzjCDazVgRoX4=
github.com/nats-io/nkeys v0.1.0/go.mod h1:xpnFELMwJABBLVhffcfd1MZx6VsNRFpEugbxziKVo7w=
github.com/nats-io/nkeys v0.1.3 h1:6JrEfig+HzTH85yxzhSVbjHRJv9cn0p6n3IngIcM5/k=
github.com/nats-io/nkeys v0.1.3/go.mod h1:xpnFELMwJABBLVhffcfd1MZx6VsNRFpEugbxziKVo7w=
github.com/nats-io/nuid v1.0.1 h1:5iA8DT8V7q8WK2EScv2padNa/rTESc1KdnPw4TC2paw=
github.com/nats-io/nuid v1.0.1/go.mod h1:19wcPz3Ph3q0Jbyiqsd0kePYG7A95tJPxeL+1OSON2c=
github.com/oklog/ulid v1.3.1/go.mod h1:CirwcVhetQ6Lv90oh/F+FBtV6XMibvdAFo93nm5qn4U=
github.com/pelletier/go-toml v1.2.0 h1:T5zMGML61Wp+FlcbWjRDT7yAxhJNAiPPLOFECq181zc=
github.com/pelletier/go-toml v1.2.0/go.mod h1:5z9KED0ma1S8pY6P1sdut58dfprrGBbd/94hg7ilaic=
github.com/pelletier/go-toml v1.6.0 h1:aetoXYr0Tv7xRU/V4B4IZJ2QcbtMUFoNb3ORp7TzIK4=
github.com/pelletier/go-toml v1.6.0/go.mod h1:5N711Q9dKgbdkxHL+MEfF31hpT7l0S0s/t2kKREewys=
github.com/phayes/freeport v0.0.0-20171002181615-b8543db493a5/go.mod h1:iIss55rKnNBTvrwdmkUpLnDpZoAHvWaiq5+iMmen4AE=
github.com/pkg/errors v0.8.0/go.mod h1:bwawxfHBFNV+L2hUp1rHADufV3IMtnDRdf1r5NINEl0=
github.com/pkg/errors v0.8.1/go.mod h1:bwawxfHBFNV+L2hUp1rHADufV3IMtnDRdf1r5NINEl0=
github.com/pmezard/go-difflib v1.0.0/go.mod h1:iKH77koFhYxTK1pcRnkKkqfTogsbg7gZNVY4sRDYZ/4=
github.com/prometheus/client_golang v0.9.1/go.mod h1:7SWBe2y4D6OKWSNQJUaRYU/AaXPKyh/dDVn+NZz0KFw=
github.com/prometheus/client_golang v0.9.3/go.mod h1:/TN21ttK/J9q6uSwhBd54HahCDft0ttaMvbicHlPoso=
github.com/prometheus/client_model v0.0.0-20180712105110-5c3871d89910/go.mod h1:MbSGuTsp3dbXC40dX6PRTWyKYBIrTGTE9sqQNg2J8bo=
github.com/prometheus/client_model v0.0.0-20190129233127-fd36f4220a90/go.mod h1:xMI15A0UPsDsEKsMN9yxemIoYk6Tm2C1GtYGdfGttqA=
github.com/prometheus/common v0.0.0-20181113130724-41aa239b4cce/go.mod h1:daVV7qP5qjZbuso7PdcryaAu0sAZbrN9i7WWcTMWvro=
github.com/prometheus/common v0.4.0/go.mod h1:TNfzLD0ON7rHzMJeJkieUDPYmFC7Snx/y86RQel1bk4=
github.com/prometheus/procfs v0.0.0-20181005140218-185b4288413d/go.mod h1:c3At6R/oaqEKCNdg8wHV1ftS6bRYblBhIjjI8uT2IGk=
github.com/prometheus/procfs v0.0.0-20190507164030-5867b95ac084/go.mod h1:TjEm7ze935MbeOT/UhFTIMYKhuLP4wbCsTZCD3I8kEA=
github.com/prometheus/tsdb v0.7.1/go.mod h1:qhTCs0VvXwvX/y3TZrWD7rabWM+ijKTux40TwIPHuXU=
github.com/rogpeppe/fastuuid v0.0.0-20150106093220-6724a57986af/go.mod h1:XWv6SoW27p1b0cqNHllgS5HIMJraePCO15w5zCzIWYg=
github.com/rogpeppe/go-internal v1.1.0/go.mod h1:M8bDsm7K2OlrFYOpmOWEs/qY81heoFRclV5y23lUDJ4=
github.com/rogpeppe/go-internal v1.3.0 h1:RR9dF3JtopPvtkroDZuVD7qquD0bnHlKSqaQhgwt8yk=
github.com/rogpeppe/go-internal v1.3.0/go.mod h1:M8bDsm7K2OlrFYOpmOWEs/qY81heoFRclV5y23lUDJ4=
github.com/rogpeppe/go-internal v1.3.2/go.mod h1:xXDCJY+GAPziupqXw64V24skbSoqbTEfhy4qGm1nDQc=
github.com/rogpeppe/go-internal v1.5.0 h1:Usqs0/lDK/NqTkvrmKSwA/3XkZAs7ZAW/eLeQ2MVBTw=
github.com/rogpeppe/go-internal v1.5.0/go.mod h1:xXDCJY+GAPziupqXw64V24skbSoqbTEfhy4qGm1nDQc=
github.com/russross/blackfriday v1.5.2/go.mod h1:JO/DiYxRf+HjHt06OyowR9PTA263kcR/rfWxYHBV53g=
github.com/sebdah/goldie v0.0.0-20180424091453-8784dd1ab561/go.mod h1:lvjGftC8oe7XPtyrOidaMi0rp5B9+XY/ZRUynGnuaxQ=
github.com/sirupsen/logrus v1.2.0/go.mod h1:LxeOpSwHxABJmUn/MG1IvRgCAasNZTLOkJPxbbu5VWo=
github.com/sirupsen/logrus v1.4.2/go.mod h1:tLMulIdttU9McNUspp0xgXVQah82FyeX6MwdIuYE2rE=
github.com/soheilhy/cmux v0.1.4/go.mod h1:IM3LyeVVIOuxMH7sFAkER9+bJ4dT7Ms6E4xg4kGIyLM=
github.com/spaolacci/murmur3 v0.0.0-20180118202830-f09979ecbc72/go.mod h1:JwIasOWyU6f++ZhiEuf87xNszmSA2myDM2Kzu9HwQUA=
github.com/spf13/afero v1.1.2 h1:m8/z1t7/fwjysjQRYbP0RD+bUIF/8tJwPdEZsI83ACI=
github.com/spf13/afero v1.1.2/go.mod h1:j4pytiNVoe2o6bmDsKpLACNPDBIoEAkihy7loJ1B0CQ=
github.com/spf13/afero v1.2.1 h1:qgMbHoJbPbw579P+1zVY+6n4nIFuIchaIjzZ/I/Yq8M=
github.com/spf13/afero v1.2.1/go.mod h1:9ZxEEn6pIJ8Rxe320qSDBk6AsU0r9pR7Q4OcevTdifk=
github.com/spf13/afero v1.2.2 h1:5jhuqJyZCZf2JRofRvN/nIFgIWNzPa3/Vz8mYylgbWc=
github.com/spf13/afero v1.2.2/go.mod h1:9ZxEEn6pIJ8Rxe320qSDBk6AsU0r9pR7Q4OcevTdifk=
github.com/spf13/cast v1.3.0 h1:oget//CVOEoFewqQxwr0Ej5yjygnqGkvggSE/gB35Q8=
github.com/spf13/cast v1.3.0/go.mod h1:Qx5cxh0v+4UWYiBimWS+eyWzqEqokIECu5etghLkUJE=
github.com/spf13/cobra v0.0.5 h1:f0B+LkLX6DtmRH1isoNA9VTtNUK9K8xYd28JNNfOv/s=
github.com/spf13/cobra v0.0.5/go.mod h1:3K3wKZymM7VvHMDS9+Akkh4K60UwM26emMESw8tLCHU=
github.com/spf13/jwalterweatherman v1.0.0 h1:XHEdyB+EcvlqZamSM4ZOMGlc93t6AcsBEu9Gc1vn7yk=
github.com/spf13/jwalterweatherman v1.0.0/go.mod h1:cQK4TGJAtQXfYWX+Ddv3mKDzgVb68N+wFjFa4jdeBTo=
github.com/spf13/jwalterweatherman v1.1.0 h1:ue6voC5bR5F8YxI5S67j9i582FU4Qvo2bmqnqMYADFk=
github.com/spf13/jwalterweatherman v1.1.0/go.mod h1:aNWZUN0dPAAO/Ljvb5BEdw96iTZ0EXowPYD95IqWIGo=
github.com/spf13/pflag v1.0.3 h1:zPAT6CGy6wXeQ7NtTnaTerfKOsV6V6F8agHXFiazDkg=
github.com/spf13/pflag v1.0.3/go.mod h1:DYY7MBk1bdzusC3SYhjObp+wFpr4gzcvqqNjLnInEg4=
github.com/spf13/pflag v1.0.5 h1:iy+VFUOCP1a+8yFto/drg2CJ5u0yRoB7fZw3DKv/JXA=
github.com/spf13/pflag v1.0.5/go.mod h1:McXfInJRrz4CZXVZOBLb0bTZqETkiAhM9Iw0y3An2Bg=
github.com/spf13/viper v1.3.2/go.mod h1:ZiWeW+zYFKm7srdB9IoDzzZXaJaI5eL9QjNiN/DMA2s=
github.com/spf13/viper v1.4.0 h1:yXHLWeravcrgGyFSyCgdYpXQ9dR9c/WED3pg1RhxqEU=
github.com/spf13/viper v1.4.0/go.mod h1:PTJ7Z/lr49W6bUbkmS1V3by4uWynFiR9p7+dSq/yZzE=
github.com/stretchr/objx v0.1.0/go.mod h1:HFkY916IF+rwdDfMAkV7OtwuqBVzrE8GR6GFx+wExME=
github.com/stretchr/objx v0.1.1/go.mod h1:HFkY916IF+rwdDfMAkV7OtwuqBVzrE8GR6GFx+wExME=
github.com/stretchr/testify v1.2.2/go.mod h1:a8OnRcib4nhh0OaRAV+Yts87kKdq0PP7pXfy6kDkUVs=
github.com/stretchr/testify v1.3.0/go.mod h1:M5WIy9Dh21IEIfnGCwXGc5bZfKNJtfHm1UVUgZn+9EI=
github.com/stretchr/testify v1.4.0/go.mod h1:j7eGeouHqKxXV5pUuKE4zz7dFj8WfuZ+81PSLYec5m4=
github.com/tidwall/gjson v1.2.1/go.mod h1:c/nTNbUr0E0OrXEhq1pwa8iEgc2DOt4ZZqAt1HtCkPA=
github.com/tidwall/gjson v1.3.5 h1:2oW9FBNu8qt9jy5URgrzsVx/T/KSn3qn/smJQ0crlDQ=
github.com/tidwall/gjson v1.3.5/go.mod h1:P256ACg0Mn+j1RXIDXoss50DeIABTYK1PULOJHhxOls=
github.com/tidwall/match v1.0.1 h1:PnKP62LPNxHKTwvHHZZzdOAOCtsJTjo6dZLCwpKm5xc=
github.com/tidwall/match v1.0.1/go.mod h1:LujAq0jyVjBy028G1WhWfIzbpQfMO8bBZ6Tyb0+pL9E=
github.com/tidwall/pretty v0.0.0-20180105212114-65a9db5fad51/go.mod h1:XNkn88O1ChpSDQmQeStsy+sBenx6DDtFZJxhVysOjyk=
github.com/tidwall/pretty v1.0.0 h1:HsD+QiTn7sK6flMKIvNmpqz1qrpP3Ps6jOKIKMooyg4=
github.com/tidwall/pretty v1.0.0/go.mod h1:XNkn88O1ChpSDQmQeStsy+sBenx6DDtFZJxhVysOjyk=
github.com/tidwall/sjson v1.0.4/go.mod h1:bURseu1nuBkFpIES5cz6zBtjmYeOQmEESshn7VpF15Y=
github.com/tmc/grpc-websocket-proxy v0.0.0-20190109142713-0ad062ec5ee5/go.mod h1:ncp9v5uamzpCO7NfCPTXjqaC+bZgJeR0sMTm6dMHP7U=
github.com/ugorji/go v1.1.4/go.mod h1:uQMGLiO92mf5W77hV/PUCpI3pbzQx3CRekS0kk+RGrc=
github.com/ugorji/go/codec v0.0.0-20181204163529-d75b2dcb6bc8/go.mod h1:VFNgLljTbGfSG7qAOspJ7OScBnGdDN/yBr0sguwnwf0=
github.com/urfave/cli v1.20.0/go.mod h1:70zkFmudgCuE/ngEzBv17Jvp/497gISqfk5gWijbERA=
github.com/valyala/bytebufferpool v1.0.0 h1:GqA5TC/0021Y/b9FG4Oi9Mr3q7XYx6KllzawFIhcdPw=
github.com/valyala/bytebufferpool v1.0.0/go.mod h1:6bBcMArwyJ5K/AmCkWv1jt77kVWyCJ6HpOuEn7z0Csc=
github.com/valyala/fasthttp v1.2.0/go.mod h1:4vX61m6KN+xDduDNwXrhIAVZaZaZiQ1luJk8LWSxF3s=
github.com/valyala/fasttemplate v1.1.0 h1:RZqt0yGBsps8NGvLSGW804QQqCUYYLsaOjTVHy1Ocw4=
github.com/valyala/fasttemplate v1.1.0/go.mod h1:UQGH1tvbgY+Nz5t2n7tXsz52dQxojPUpymEIMZ47gx8=
github.com/valyala/tcplisten v0.0.0-20161114210144-ceec8f93295a/go.mod h1:v3UYOV9WzVtRmSR+PDvWpU/qWl4Wa5LApYYX4ZtKbio=
github.com/wasmerio/go-ext-wasm v0.0.0-20191213132134-adcef605ea8e h1:ztyC+E8g/uepTARRmWz94eZz450GbD1GwZtUPFLhYdQ=
github.com/wasmerio/go-ext-wasm v0.0.0-20191213132134-adcef605ea8e/go.mod h1:B0C/D0a2vNos7Y3IxQhMpGOY9PCuCKfLvfry33a1cKA=
github.com/xiang90/probing v0.0.0-20190116061207-43a291ad63a2/go.mod h1:UETIi67q53MR2AWcXfiuqkDkRtnGDLqkBTpCHuJHxtU=
github.com/xordataexchange/crypt v0.0.3-0.20170626215501-b2862e3d0a77/go.mod h1:aYKd//L2LvnjZzWKhF00oedf4jCCReLcmhLdhm1A27Q=
go.etcd.io/bbolt v1.3.2/go.mod h1:IbVyRI1SCnLcuJnV2u8VeU0CEYM7e686BmAb1XKL+uU=
go.uber.org/atomic v1.4.0 h1:cxzIVoETapQEqDhQu3QfnvXAV4AlzcvUCxkVUFw3+EU=
go.uber.org/atomic v1.4.0/go.mod h1:gD2HeocX3+yG+ygLZcrzQJaqmWj9AIm7n08wl/qW/PE=
go.uber.org/multierr v1.1.0 h1:HoEmRHQPVSqub6w2z2d2EOVs2fjyFRGyofhKuyDq0QI=
go.uber.org/multierr v1.1.0/go.mod h1:wR5kodmAFQ0UK8QlbwjlSNy0Z68gJhDJUG5sjR94q/0=
go.uber.org/multierr v1.2.0 h1:6I+W7f5VwC5SV9dNrZ3qXrDB9mD0dyGOi/ZJmYw03T4=
go.uber.org/multierr v1.2.0/go.mod h1:wR5kodmAFQ0UK8QlbwjlSNy0Z68gJhDJUG5sjR94q/0=
go.uber.org/zap v1.10.0/go.mod h1:vwi/ZaCAaUcBkycHslxD9B2zi4UTXhF60s6SWpuDF0Q=
go.uber.org/zap v1.11.0 h1:gSmpCfs+R47a4yQPAI4xJ0IPDLTRGXskm6UelqNXpqE=
go.uber.org/zap v1.11.0/go.mod h1:vwi/ZaCAaUcBkycHslxD9B2zi4UTXhF60s6SWpuDF0Q=
golang.org/x/crypto v0.0.0-20180904163835-0709b304e793/go.mod h1:6SG95UA2DQfeDnfUPMdvaQW0Q7yPrPDi9nlGo2tz2b4=
golang.org/x/crypto v0.0.0-20181203042331-505ab145d0a9/go.mod h1:6SG95UA2DQfeDnfUPMdvaQW0Q7yPrPDi9nlGo2tz2b4=
golang.org/x/crypto v0.0.0-20190308221718-c2843e01d9a2/go.mod h1:djNgcEr1/C05ACkg1iLfiJU5Ep61QUkGW8qpdssI0+w=
golang.org/x/crypto v0.0.0-20190621222207-cc06ce4a13d4/go.mod h1:yigFU9vqHzYiE8UmvKecakEJjdnWj3jj499lnFckfCI=
golang.org/x/crypto v0.0.0-20190701094942-4def268fd1a4 h1:HuIa8hRrWRSrqYzx1qI49NNxhdi2PrY7gxVSq1JjLDc=
golang.org/x/crypto v0.0.0-20190701094942-4def268fd1a4/go.mod h1:yigFU9vqHzYiE8UmvKecakEJjdnWj3jj499lnFckfCI=
golang.org/x/crypto v0.0.0-20191011191535-87dc89f01550 h1:ObdrDkeb4kJdCP557AjRjq69pTHfNouLtWZG7j9rPN8=
golang.org/x/crypto v0.0.0-20191011191535-87dc89f01550/go.mod h1:yigFU9vqHzYiE8UmvKecakEJjdnWj3jj499lnFckfCI=
golang.org/x/crypto v0.0.0-20191227163750-53104e6ec876 h1:sKJQZMuxjOAR/Uo2LBfU90onWEf1dF4C+0hPJCc9Mpc=
golang.org/x/crypto v0.0.0-20191227163750-53104e6ec876/go.mod h1:LzIPMQfyMNhhGPhUkYOs5KpL4U8rLKemX1yGLhDgUto=
golang.org/x/lint v0.0.0-20181026193005-c67002cb31c3/go.mod h1:UVdnD1Gm6xHRNCYTkRU2/jEulfH38KcIWyp/GAMgvoE=
golang.org/x/lint v0.0.0-20190313153728-d0100b6bd8b3/go.mod h1:6SW0HCj/g11FgYtHlgUYUwCkIfeOF89ocIRzGO/8vkc=
golang.org/x/mod v0.1.1-0.20191105210325-c90efee705ee/go.mod h1:QqPTAvyqsEbceGzBzNggFXnrqF1CaUcvgkdR5Ot7KZg=
golang.org/x/net v0.0.0-20180826012351-8a410e7b638d/go.mod h1:mL1N/T3taQHkDXs73rZJwtUhF3w3ftmwwsq0BUmARs4=
golang.org/x/net v0.0.0-20180911220305-26e67e76b6c3/go.mod h1:mL1N/T3taQHkDXs73rZJwtUhF3w3ftmwwsq0BUmARs4=
golang.org/x/net v0.0.0-20181114220301-adae6a3d119a/go.mod h1:mL1N/T3taQHkDXs73rZJwtUhF3w3ftmwwsq0BUmARs4=
golang.org/x/net v0.0.0-20181220203305-927f97764cc3/go.mod h1:mL1N/T3taQHkDXs73rZJwtUhF3w3ftmwwsq0BUmARs4=
golang.org/x/net v0.0.0-20190311183353-d8887717615a/go.mod h1:t9HGtf8HONx5eT2rtn7q6eTqICYqUVnKs3thJo3Qplg=
golang.org/x/net v0.0.0-20190404232315-eb5bcb51f2a3/go.mod h1:t9HGtf8HONx5eT2rtn7q6eTqICYqUVnKs3thJo3Qplg=
golang.org/x/net v0.0.0-20190522155817-f3200d17e092 h1:4QSRKanuywn15aTZvI/mIDEgPQpswuFndXpOj3rKEco=
golang.org/x/net v0.0.0-20190522155817-f3200d17e092/go.mod h1:HSz+uSET+XFnRR8LxR5pz3Of3rY3CfYBVs4xY44aLks=
golang.org/x/net v0.0.0-20190620200207-3b0461eec859 h1:R/3boaszxrf1GEUWTVDzSKVwLmSJpwZ1yqXm8j0v2QI=
golang.org/x/net v0.0.0-20190620200207-3b0461eec859/go.mod h1:z5CRVTTTmAJ677TzLLGU+0bjPO0LkuOLi4/5GtJWs/s=
golang.org/x/oauth2 v0.0.0-20180821212333-d2e6202438be/go.mod h1:N/0e6XlmueqKjAGxoOufVs8QHGRruUQn6yWY3a++T0U=
golang.org/x/sync v0.0.0-20180314180146-1d60e4601c6f/go.mod h1:RxMgew5VJxzue5/jJTE5uejpjVlOe/izrB70Jof72aM=
golang.org/x/sync v0.0.0-20181108010431-42b317875d0f/go.mod h1:RxMgew5VJxzue5/jJTE5uejpjVlOe/izrB70Jof72aM=
golang.org/x/sync v0.0.0-20181221193216-37e7f081c4d4/go.mod h1:RxMgew5VJxzue5/jJTE5uejpjVlOe/izrB70Jof72aM=
golang.org/x/sync v0.0.0-20190423024810-112230192c58/go.mod h1:RxMgew5VJxzue5/jJTE5uejpjVlOe/izrB70Jof72aM=
golang.org/x/sys v0.0.0-20180830151530-49385e6e1522/go.mod h1:STP8DvDyc/dI5b8T5hshtkjS+E42TnysNCUPdjciGhY=
golang.org/x/sys v0.0.0-20180905080454-ebe1bf3edb33/go.mod h1:STP8DvDyc/dI5b8T5hshtkjS+E42TnysNCUPdjciGhY=
golang.org/x/sys v0.0.0-20181107165924-66b7b1311ac8/go.mod h1:STP8DvDyc/dI5b8T5hshtkjS+E42TnysNCUPdjciGhY=
golang.org/x/sys v0.0.0-20181116152217-5ac8a444bdc5/go.mod h1:STP8DvDyc/dI5b8T5hshtkjS+E42TnysNCUPdjciGhY=
golang.org/x/sys v0.0.0-20181205085412-a5c9d58dba9a/go.mod h1:STP8DvDyc/dI5b8T5hshtkjS+E42TnysNCUPdjciGhY=
golang.org/x/sys v0.0.0-20190215142949-d0b11bdaac8a h1:1BGLXjeY4akVXGgbC9HugT3Jv3hCI0z56oJR5vAMgBU=
golang.org/x/sys v0.0.0-20190215142949-d0b11bdaac8a/go.mod h1:STP8DvDyc/dI5b8T5hshtkjS+E42TnysNCUPdjciGhY=
golang.org/x/sys v0.0.0-20190412213103-97732733099d/go.mod h1:h1NjWce9XRLGQEsW7wpKNCjG9DtNlClVuFLEZdDNbEs=
golang.org/x/sys v0.0.0-20190422165155-953cdadca894/go.mod h1:h1NjWce9XRLGQEsW7wpKNCjG9DtNlClVuFLEZdDNbEs=
golang.org/x/sys v0.0.0-20190515120540-06a5c4944438 h1:khxRGsvPk4n2y8I/mLLjp7e5dMTJmH75wvqS6nMwUtY=
golang.org/x/sys v0.0.0-20190515120540-06a5c4944438/go.mod h1:h1NjWce9XRLGQEsW7wpKNCjG9DtNlClVuFLEZdDNbEs=
golang.org/x/sys v0.0.0-20190726091711-fc99dfbffb4e/go.mod h1:h1NjWce9XRLGQEsW7wpKNCjG9DtNlClVuFLEZdDNbEs=
golang.org/x/sys v0.0.0-20191027211539-f8518d3b3627 h1:/FZUR3d/QsXe4AcJyJFCc40TOj3y6Hs23Y3YJlvVkWo=
golang.org/x/sys v0.0.0-20191027211539-f8518d3b3627/go.mod h1:h1NjWce9XRLGQEsW7wpKNCjG9DtNlClVuFLEZdDNbEs=
golang.org/x/text v0.3.0 h1:g61tztE5qeGQ89tm6NTjjM9VPIm088od1l6aSorWRWg=
golang.org/x/text v0.3.0/go.mod h1:NqM8EUOU14njkJ3fqMW+pc6Ldnwhi/IjpwHt7yyuwOQ=
golang.org/x/text v0.3.2 h1:tW2bmiBqwgJj/UpqtC8EpXEZVYOwU0yG4iWbprSVAcs=
golang.org/x/text v0.3.2/go.mod h1:bEr9sfX3Q8Zfm5fL9x+3itogRgK3+ptLWKqgva+5dAk=
golang.org/x/time v0.0.0-20190308202827-9d24e82272b4/go.mod h1:tRJNPiyCQ0inRvYxbN9jk5I+vvW/OXSQhTDSoE431IQ=
golang.org/x/tools v0.0.0-20180221164845-07fd8470d635/go.mod h1:n7NCudcB/nEzxVGmLbDWY5pfWTLqBcC2KZ6jyYvM4mQ=
golang.org/x/tools v0.0.0-20180917221912-90fa682c2a6e/go.mod h1:n7NCudcB/nEzxVGmLbDWY5pfWTLqBcC2KZ6jyYvM4mQ=
golang.org/x/tools v0.0.0-20190114222345-bf090417da8b/go.mod h1:n7NCudcB/nEzxVGmLbDWY5pfWTLqBcC2KZ6jyYvM4mQ=
golang.org/x/tools v0.0.0-20190311212946-11955173bddd/go.mod h1:LCzVGOaR6xXOjkQ3onu1FJEFr0SW1gC7cKk1uF8kGRs=
golang.org/x/tools v0.0.0-20190624180213-70d37148ca0c/go.mod h1:/rFqwRUd4F7ZHNgwSSTFct+R/Kf4OFW1sUzUTQQTgfc=
golang.org/x/tools v0.0.0-20191213221258-04c2e8eff935/go.mod h1:TB2adYChydJhpapKDTa4BR/hXlZSLoq2Wpct/0txZ28=
golang.org/x/xerrors v0.0.0-20191011141410-1b5146add898/go.mod h1:I/5z698sn9Ka8TeJc9MKroUUfqBBauWjQqLJ2OPfmY0=
google.golang.org/appengine v1.1.0/go.mod h1:EbEs0AVv82hx2wNQdGPgUI5lhzA/G0D9YwlJXL52JkM=
google.golang.org/genproto v0.0.0-20180817151627-c66870c02cf8/go.mod h1:JiN7NxoALGmiZfu7CAH4rXhgtRTLTxftemlI0sWmxmc=
google.golang.org/grpc v1.19.0/go.mod h1:mqu4LbDTu4XGKhr4mRzUsmM4RtVoemTSY81AxZiDr8c=
google.golang.org/grpc v1.21.0/go.mod h1:oYelfM1adQP15Ek0mdvEgi9Df8B9CZIaU1084ijfRaM=
gopkg.in/alecthomas/kingpin.v2 v2.2.6/go.mod h1:FMv+mEhP44yOT+4EoQTLFTRgOQ1FBLkstjWtayDeSgw=
gopkg.in/check.v1 v0.0.0-20161208181325-20d25e280405/go.mod h1:Co6ibVJAznAaIkqp8huTwlJQCZ016jof/cbN4VW5Yz0=
gopkg.in/check.v1 v1.0.0-20180628173108-788fd7840127/go.mod h1:Co6ibVJAznAaIkqp8huTwlJQCZ016jof/cbN4VW5Yz0=
gopkg.in/check.v1 v1.0.0-20190902080502-41f04d3bba15/go.mod h1:Co6ibVJAznAaIkqp8huTwlJQCZ016jof/cbN4VW5Yz0=
gopkg.in/errgo.v2 v2.1.0/go.mod h1:hNsd1EY+bozCKY1Ytp96fpM3vjJbqLJn88ws8XvfDNI=
gopkg.in/resty.v1 v1.12.0/go.mod h1:mDo4pnntr5jdWRML875a/NmxYqAlA73dVijT2AXvQQo=
gopkg.in/yaml.v2 v2.0.0-20170812160011-eb3733d160e7/go.mod h1:JAlM8MvJe8wmxCU4Bli9HhUf9+ttbYbLASfIpnQbh74=
gopkg.in/yaml.v2 v2.2.1/go.mod h1:hI93XBmqTisBFMUTm0b8Fm+jr3Dg1NNxqwp+5A1VGuI=
gopkg.in/yaml.v2 v2.2.2 h1:ZCJp+EgiOT7lHqUV2J862kp8Qj64Jo6az82+3Td9dZw=
gopkg.in/yaml.v2 v2.2.2/go.mod h1:hI93XBmqTisBFMUTm0b8Fm+jr3Dg1NNxqwp+5A1VGuI=
gopkg.in/yaml.v2 v2.2.4 h1:/eiJrUcujPVeJ3xlSWaiNi3uSVmDGBK1pDHUHAnao1I=
gopkg.in/yaml.v2 v2.2.4/go.mod h1:hI93XBmqTisBFMUTm0b8Fm+jr3Dg1NNxqwp+5A1VGuI=
honnef.co/go/tools v0.0.0-20190102054323-c2f93a96b099/go.mod h1:rf3lG4BRIbNafJWhAfAdb/ePZxsR/4RtNHQocxwk9r4=
